{
  "name": "task2",
  "version": "1.0.0",
  "lockfileVersion": 3,
  "requires": true,
  "packages": {
    "": {
      "name": "task2",
      "version": "1.0.0",
      "license": "ISC",
      "dependencies": {
        "max-occuring-letter": "^1.0.3"
      }
    },
    "node_modules/max-occuring-letter": {
      "version": "1.0.3",
      "resolved": "https://registry.npmjs.org/max-occuring-letter/-/max-occuring-letter-1.0.3.tgz",
      "integrity": "sha512-wuJl8+UVlQTonpJ5Jt+ZUJgLPCduO4XMc+Whk7KkKFLvUg0/Juwxqiy9/GYw4BxQO6ReCr2HiAMBrIx4jz+/7g=="
    }
  }
}
